
Microsoft Visual Studio Solution File, Format Version 12.00
# Visual Studio Version 17
VisualStudioVersion = 17.3.32929.385
MinimumVisualStudioVersion = 10.0.40219.1
Project("{FAE04EC0-301F-11D3-BF4B-00C04F79EFBC}") = "Sagem.WebApp", "Sagem.WebApp\Sagem.WebApp.csproj", "{634FF0E1-AD3E-42BF-99FA-E7D7D3C0A0C0}"
EndProject
Project("{FAE04EC0-301F-11D3-BF4B-00C04F79EFBC}") = "Sagem.DataAccess.SQL.DF", "Sagem.DataAccess.SQL.DF\Sagem.DataAccess.SQL.DF.csproj", "{1896032D-379A-4E0D-81E9-415A582ADD43}"
EndProject
Project("{FAE04EC0-301F-11D3-BF4B-00C04F79EFBC}") = "Sagem.DataAccess.SQL.CF", "Sagem.DataAccess.SQL.CF\Sagem.DataAccess.SQL.CF.csproj", "{06811478-40A4-45F4-854E-9C401D4E2782}"
EndProject
Project("{FAE04EC0-301F-11D3-BF4B-00C04F79EFBC}") = "Sagem.WeApi.AppCf", "Sagem.WeApi.AppCf\Sagem.WeApi.AppCf.csproj", "{303FB09C-B115-4FFF-86B4-53C7A20A35C0}"
EndProject
Project("{FAE04EC0-301F-11D3-BF4B-00C04F79EFBC}") = "WebAppMiddleWare", "WebAppMiddleWare\WebAppMiddleWare.csproj", "{B80457AC-8CDC-462D-8680-F8F830747E86}"
EndProject
Global
	GlobalSection(SolutionConfigurationPlatforms) = preSolution
		Debug|Any CPU = Debug|Any CPU
		Release|Any CPU = Release|Any CPU
	EndGlobalSection
	GlobalSection(ProjectConfigurationPlatforms) = postSolution
		{634FF0E1-AD3E-42BF-99FA-E7D7D3C0A0C0}.Debug|Any CPU.ActiveCfg = Debug|Any CPU
		{634FF0E1-AD3E-42BF-99FA-E7D7D3C0A0C0}.Debug|Any CPU.Build.0 = Debug|Any CPU
		{634FF0E1-AD3E-42BF-99FA-E7D7D3C0A0C0}.Release|Any CPU.ActiveCfg = Release|Any CPU
		{634FF0E1-AD3E-42BF-99FA-E7D7D3C0A0C0}.Release|Any CPU.Build.0 = Release|Any CPU
		{1896032D-379A-4E0D-81E9-415A582ADD43}.Debug|Any CPU.ActiveCfg = Debug|Any CPU
		{1896032D-379A-4E0D-81E9-415A582ADD43}.Debug|Any CPU.Build.0 = Debug|Any CPU
		{1896032D-379A-4E0D-81E9-415A582ADD43}.Release|Any CPU.ActiveCfg = Release|Any CPU
		{1896032D-379A-4E0D-81E9-415A582ADD43}.Release|Any CPU.Build.0 = Release|Any CPU
		{06811478-40A4-45F4-854E-9C401D4E2782}.Debug|Any CPU.ActiveCfg = Debug|Any CPU
		{06811478-40A4-45F4-854E-9C401D4E2782}.Debug|Any CPU.Build.0 = Debug|Any CPU
		{06811478-40A4-45F4-854E-9C401D4E2782}.Release|Any CPU.ActiveCfg = Release|Any CPU
		{06811478-40A4-45F4-854E-9C401D4E2782}.Release|Any CPU.Build.0 = Release|Any CPU
		{303FB09C-B115-4FFF-86B4-53C7A20A35C0}.Debug|Any CPU.ActiveCfg = Debug|Any CPU
		{303FB09C-B115-4FFF-86B4-53C7A20A35C0}.Debug|Any CPU.Build.0 = Debug|Any CPU
		{303FB09C-B115-4FFF-86B4-53C7A20A35C0}.Release|Any CPU.ActiveCfg = Release|Any CPU
		{303FB09C-B115-4FFF-86B4-53C7A20A35C0}.Release|Any CPU.Build.0 = Release|Any CPU
		{B80457AC-8CDC-462D-8680-F8F830747E86}.Debug|Any CPU.ActiveCfg = Debug|Any CPU
		{B80457AC-8CDC-462D-8680-F8F830747E86}.Debug|Any CPU.Build.0 = Debug|Any CPU
		{B80457AC-8CDC-462D-8680-F8F830747E86}.Release|Any CPU.ActiveCfg = Release|Any CPU
		{B80457AC-8CDC-462D-8680-F8F830747E86}.Release|Any CPU.Build.0 = Release|Any CPU
	EndGlobalSection
	GlobalSection(SolutionProperties) = preSolution
		HideSolutionNode = FALSE
	EndGlobalSection
	GlobalSection(ExtensibilityGlobals) = postSolution
		SolutionGuid = {5DE0F0C7-E755-4EFF-A523-4B8AFBA3F5F5}
	EndGlobalSection
EndGlobal
